// !$*UTF8*$!
{
	archiveVersion = 1;
	classes = {
	};
	objectVersion = 46;
	objects = {

/* Begin PBXBuildFile section */
		D6122CF01F9062EB00199DA0 /* AppDelegate.swift in Sources */ = {isa = PBXBuildFile; fileRef = D6122CEF1F9062EB00199DA0 /* AppDelegate.swift */; };
		D6122CF21F9062EB00199DA0 /* ViewController.swift in Sources */ = {isa = PBXBuildFile; fileRef = D6122CF11F9062EB00199DA0 /* ViewController.swift */; };
		D6122CF51F9062EB00199DA0 /* Main.storyboard in Resources */ = {isa = PBXBuildFile; fileRef = D6122CF31F9062EB00199DA0 /* Main.storyboard */; };
		D6122CF71F9062EB00199DA0 /* Assets.xcassets in Resources */ = {isa = PBXBuildFile; fileRef = D6122CF61F9062EB00199DA0 /* Assets.xcassets */; };
		D6122CFA1F9062EB00199DA0 /* LaunchScreen.storyboard in Resources */ = {isa = PBXBuildFile; fileRef = D6122CF81F9062EB00199DA0 /* LaunchScreen.storyboard */; };
		D6122D051F9062EC00199DA0 /* QuizTempatRestoranTests.swift in Sources */ = {isa = PBXBuildFile; fileRef = D6122D041F9062EC00199DA0 /* QuizTempatRestoranTests.swift */; };
		D6122D101F9062EC00199DA0 /* QuizTempatRestoranUITests.swift in Sources */ = {isa = PBXBuildFile; fileRef = D6122D0F1F9062EC00199DA0 /* QuizTempatRestoranUITests.swift */; };
		D6122D1E1F90642500199DA0 /* TableViewController.swift in Sources */ = {isa = PBXBuildFile; fileRef = D6122D1D1F90642500199DA0 /* TableViewController.swift */; };
/* End PBXBuildFile section */

/* Begin PBXContainerItemProxy section */
		D6122D011F9062EC00199DA0 /* PBXContainerItemProxy */ = {
			isa = PBXContainerItemProxy;
			containerPortal = D6122CE41F9062EB00199DA0 /* Project object */;
			proxyType = 1;
			remoteGlobalIDString = D6122CEB1F9062EB00199DA0;
			remoteInfo = QuizTempatRestoran;
		};
		D6122D0C1F9062EC00199DA0 /* PBXContainerItemProxy */ = {
			isa = PBXContainerItemProxy;
			containerPortal = D6122CE41F9062EB00199DA0 /* Project object */;
			proxyType = 1;
			remoteGlobalIDString = D6122CEB1F9062EB00199DA0;
			remoteInfo = QuizTempatRestoran;
		};
/* End PBXContainerItemProxy section */

/* Begin PBXFileReference section */
		D6122CEC1F9062EB00199DA0 /* QuizTempatRestoran.app */ = {isa = PBXFileReference; explicitFileType = wrapper.application; includeInIndex = 0; path = QuizTempatRestoran.app; sourceTree = BUILT_PRODUCTS_DIR; };
		D6122CEF1F9062EB00199DA0 /* AppDelegate.swift */ = {isa = PBXFileReference; lastKnownFileType = sourcecode.swift; path = AppDelegate.swift; sourceTree = "<group>"; };
		D6122CF11F9062EB00199DA0 /* ViewController.swift */ = {isa = PBXFileReference; lastKnownFileType = sourcecode.swift; path = ViewController.swift; sourceTree = "<group>"; };
		D6122CF41F9062EB00199DA0 /* Base */ = {isa = PBXFileReference; lastKnownFileType = file.storyboard; name = Base; path = Base.lproj/Main.storyboard; sourceTree = "<group>"; };
		D6122CF61F9062EB00199DA0 /* Assets.xcassets */ = {isa = PBXFileReference; lastKnownFileType = folder.assetcatalog; path = Assets.xcassets; sourceTree = "<group>"; };
		D6122CF91F9062EB00199DA0 /* Base */ = {isa = PBXFileReference; lastKnownFileType = file.storyboard; name = Base; path = Base.lproj/LaunchScreen.storyboard; sourceTree = "<group>"; };
		D6122CFB1F9062EB00199DA0 /* Info.plist */ = {isa = PBXFileReference; lastKnownFileType = text.plist.xml; path = Info.plist; sourceTree = "<group>"; };
		D6122D001F9062EC00199DA0 /* QuizTempatRestoranTests.xctest */ = {isa = PBXFileReference; explicitFileType = wrapper.cfbundle; includeInIndex = 0; path = QuizTempatRestoranTests.xctest; sourceTree = BUILT_PRODUCTS_DIR; };
		D6122D041F9062EC00199DA0 /* QuizTempatRestoranTests.swift */ = {isa = PBXFileReference; lastKnownFileType = sourcecode.swift; path = QuizTempatRestoranTests.swift; sourceTree = "<group>"; };
		D6122D061F9062EC00199DA0 /* Info.plist */ = {isa = PBXFileReference; lastKnownFileType = text.plist.xml; path = Info.plist; sourceTree = "<group>"; };
		D6122D0B1F9062EC00199DA0 /* QuizTempatRestoranUITests.xctest */ = {isa = PBXFileReference; explicitFileType = wrapper.cfbundle; includeInIndex = 0; path = QuizTempatRestoranUITests.xctest; sourceTree = BUILT_PRODUCTS_DIR; };
		D6122D0F1F9062EC00199DA0 /* QuizTempatRestoranUITests.swift */ = {isa = PBXFileReference; lastKnownFileType = sourcecode.swift; path = QuizTempatRestoranUITests.swift; sourceTree = "<group>"; };
		D6122D111F9062EC00199DA0 /* Info.plist */ = {isa = PBXFileReference; lastKnownFileType = text.plist.xml; path = Info.plist; sourceTree = "<group>"; };
		D6122D1D1F90642500199DA0 /* TableViewController.swift */ = {isa = PBXFileReference; fileEncoding = 4; lastKnownFileType = sourcecode.swift; path = TableViewController.swift; sourceTree = "<group>"; };
/* End PBXFileReference section */

/* Begin PBXFrameworksBuildPhase section */
		D6122CE91F9062EB00199DA0 /* Frameworks */ = {
			isa = PBXFrameworksBuildPhase;
			buildActionMask = 2147483647;
			files = (
			);
			runOnlyForDeploymentPostprocessing = 0;
		};
		D6122CFD1F9062EC00199DA0 /* Frameworks */ = {
			isa = PBXFrameworksBuildPhase;
			buildActionMask = 2147483647;
			files = (
			);
			runOnlyForDeploymentPostprocessing = 0;
		};
		D6122D081F9062EC00199DA0 /* Frameworks */ = {
			isa = PBXFrameworksBuildPhase;
			buildActionMask = 2147483647;
			files = (
			);
			runOnlyForDeploymentPostprocessing = 0;
		};
/* End PBXFrameworksBuildPhase section */

/* Begin PBXGroup section */
		D6122CE31F9062EB00199DA0 = {
			isa = PBXGroup;
			children = (
				D6122CEE1F9062EB00199DA0 /* QuizTempatRestoran */,
				D6122D031F9062EC00199DA0 /* QuizTempatRestoranTests */,
				D6122D0E1F9062EC00199DA0 /* QuizTempatRestoranUITests */,
				D6122CED1F9062EB00199DA0 /* Products */,
			);
			sourceTree = "<group>";
		};
		D6122CED1F9062EB00199DA0 /* Products */ = {
			isa = PBXGroup;
			children = (
				D6122CEC1F9062EB00199DA0 /* QuizTempatRestoran.app */,
				D6122D001F9062EC00199DA0 /* QuizTempatRestoranTests.xctest */,
				D6122D0B1F9062EC00199DA0 /* QuizTempatRestoranUITests.xctest */,
			);
			name = Products;
			sourceTree = "<group>";
		};
		D6122CEE1F9062EB00199DA0 /* QuizTempatRestoran */ = {
			isa = PBXGroup;
			children = (
				D6122CEF1F9062EB00199DA0 /* AppDelegate.swift */,
				D6122CF11F9062EB00199DA0 /* ViewController.swift */,
				D6122CF31F9062EB00199DA0 /* Main.storyboard */,
				D6122CF61F9062EB00199DA0 /* Assets.xcassets */,
				D6122CF81F9062EB00199DA0 /* LaunchScreen.storyboard */,
				D6122CFB1F9062EB00199DA0 /* Info.plist */,
				D6122D1D1F90642500199DA0 /* TableViewController.swift */,
			);
			path = QuizTempatRestoran;
			sourceTree = "<group>";
		};
		D6122D031F9062EC00199DA0 /* QuizTempatRestoranTests */ = {
			isa = PBXGroup;
			children = (
				D6122D041F9062EC00199DA0 /* QuizTempatRestoranTests.swift */,
				D6122D061F9062EC00199DA0 /* Info.plist */,
			);
			path = QuizTempatRestoranTests;
			sourceTree = "<group>";
		};
		D6122D0E1F9062EC00199DA0 /* QuizTempatRestoranUITests */ = {
			isa = PBXGroup;
			children = (
				D6122D0F1F9062EC00199DA0 /* QuizTempatRestoranUITests.swift */,
				D6122D111F9062EC00199DA0 /* Info.plist */,
			);
			path = QuizTempatRestoranUITests;
			sourceTree = "<group>";
		};
/* End PBXGroup section */

/* Begin PBXNativeTarget section */
		D6122CEB1F9062EB00199DA0 /* QuizTempatRestoran */ = {
			isa = PBXNativeTarget;
			buildConfigurationList = D6122D141F9062EC00199DA0 /* Build configuration list for PBXNativeTarget "QuizTempatRestoran" */;
			buildPhases = (
				D6122CE81F9062EB00199DA0 /* Sources */,
				D6122CE91F9062EB00199DA0 /* Frameworks */,
				D6122CEA1F9062EB00199DA0 /* Resources */,
			);
			buildRules = (
			);
			dependencies = (
			);
			name = QuizTempatRestoran;
			productName = QuizTempatRestoran;
			productReference = D6122CEC1F9062EB00199DA0 /* QuizTempatRestoran.app */;
			productType = "com.apple.product-type.application";
		};
		D6122CFF1F9062EC00199DA0 /* QuizTempatRestoranTests */ = {
			isa = PBXNativeTarget;
			buildConfigurationList = D6122D171F9062EC00199DA0 /* Build configuration list for PBXNativeTarget "QuizTempatRestoranTests" */;
			buildPhases = (
				D6122CFC1F9062EC00199DA0 /* Sources */,
				D6122CFD1F9062EC00199DA0 /* Frameworks */,
				D6122CFE1F9062EC00199DA0 /* Resources */,
			);
			buildRules = (
			);
			dependencies = (
				D6122D021F9062EC00199DA0 /* PBXTargetDependency */,
			);
			name = QuizTempatRestoranTests;
			productName = QuizTempatRestoranTests;
			productReference = D6122D001F9062EC00199DA0 /* QuizTempatRestoranTests.xctest */;
			productType = "com.apple.product-type.bundle.unit-test";
		};
		D6122D0A1F9062EC00199DA0 /* QuizTempatRestoranUITests */ = {
			isa = PBXNativeTarget;
			buildConfigurationList = D6122D1A1F9062EC00199DA0 /* Build configuration list for PBXNativeTarget "QuizTempatRestoranUITests" */;
			buildPhases = (
				D6122D071F9062EC00199DA0 /* Sources */,
				D6122D081F9062EC00199DA0 /* Frameworks */,
				D6122D091F9062EC00199DA0 /* Resources */,
			);
			buildRules = (
			);
			dependencies = (
				D6122D0D1F9062EC00199DA0 /* PBXTargetDependency */,
			);
			name = QuizTempatRestoranUITests;
			productName = QuizTempatRestoranUITests;
			productReference = D6122D0B1F9062EC00199DA0 /* QuizTempatRestoranUITests.xctest */;
			productType = "com.apple.product-type.bundle.ui-testing";
		};
/* End PBXNativeTarget section */

/* Begin PBXProject section */
		D6122CE41F9062EB00199DA0 /* Project object */ = {
			isa = PBXProject;
			attributes = {
				LastSwiftUpdateCheck = 0830;
				LastUpgradeCheck = 0830;
				ORGANIZATIONNAME = "Be Dev";
				TargetAttributes = {
					D6122CEB1F9062EB00199DA0 = {
						CreatedOnToolsVersion = 8.3.3;
						ProvisioningStyle = Automatic;
					};
					D6122CFF1F9062EC00199DA0 = {
						CreatedOnToolsVersion = 8.3.3;
						ProvisioningStyle = Automatic;
						TestTargetID = D6122CEB1F9062EB00199DA0;
					};
					D6122D0A1F9062EC00199DA0 = {
						CreatedOnToolsVersion = 8.3.3;
						ProvisioningStyle = Automatic;
						TestTargetID = D6122CEB1F9062EB00199DA0;
					};
				};
			};
			buildConfigurationList = D6122CE71F9062EB00199DA0 /* Build configuration list for PBXProject "QuizTempatRestoran" */;
			compatibilityVersion = "Xcode 3.2";
			developmentRegion = English;
			hasScannedForEncodings = 0;
			knownRegions = (
				en,
				Base,
			);
			mainGroup = D6122CE31F9062EB00199DA0;
			productRefGroup = D6122CED1F9062EB00199DA0 /* Products */;
			projectDirPath = "";
			projectRoot = "";
			targets = (
				D6122CEB1F9062EB00199DA0 /* QuizTempatRestoran */,
				D6122CFF1F9062EC00199DA0 /* QuizTempatRestoranTests */,
				D6122D0A1F9062EC00199DA0 /* QuizTempatRestoranUITests */,
			);
		};
/* End PBXProject section */

/* Begin PBXResourcesBuildPhase section */
		D6122CEA1F9062EB00199DA0 /* Resources */ = {
			isa = PBXResourcesBuildPhase;
			buildActionMask = 2147483647;
			files = (
				D6122CFA1F9062EB00199DA0 /* LaunchScreen.storyboard in Resources */,
				D6122CF71F9062EB00199DA0 /* Assets.xcassets in Resources */,
				D6122CF51F9062EB00199DA0 /* Main.storyboard in Resources */,
			);
			runOnlyForDeploymentPostprocessing = 0;
		};
		D6122CFE1F9062EC00199DA0 /* Resources */ = {
			isa = PBXResourcesBuildPhase;
			buildActionMask = 2147483647;
			files = (
			);
			runOnlyForDeploymentPostprocessing = 0;
		};
		D6122D091F9062EC00199DA0 /* Resources */ = {
			isa = PBXResourcesBuildPhase;
			buildActionMask = 2147483647;
			files = (
			);
			runOnlyForDeploymentPostprocessing = 0;
		};
/* End PBXResourcesBuildPhase section */

/* Begin PBXSourcesBuildPhase section */
		D6122CE81F9062EB00199DA0 /* Sources */ = {
			isa = PBXSourcesBuildPhase;
			buildActionMask = 2147483647;
			files = (
				D6122CF21F9062EB00199DA0 /* ViewController.swift in Sources */,
				D6122D1E1F90642500199DA0 /* TableViewController.swift in Sources */,
				D6122CF01F9062EB00199DA0 /* AppDelegate.swift in Sources */,
			);
			runOnlyForDeploymentPostprocessing = 0;
		};
		D6122CFC1F9062EC00199DA0 /* Sources */ = {
			isa = PBXSourcesBuildPhase;
			buildActionMask = 2147483647;
			files = (
				D6122D051F9062EC00199DA0 /* QuizTempatRestoranTests.swift in Sources */,
			);
			runOnlyForDeploymentPostprocessing = 0;
		};
		D6122D071F9062EC00199DA0 /* Sources */ = {
			isa = PBXSourcesBuildPhase;
			buildActionMask = 2147483647;
			files = (
				D6122D101F9062EC00199DA0 /* QuizTempatRestoranUITests.swift in Sources */,
			);
			runOnlyForDeploymentPostprocessing = 0;
		};
/* End PBXSourcesBuildPhase section */

/* Begin PBXTargetDependency section */
		D6122D021F9062EC00199DA0 /* PBXTargetDependency */ = {
			isa = PBXTargetDependency;
			target = D6122CEB1F9062EB00199DA0 /* QuizTempatRestoran */;
			targetProxy = D6122D011F9062EC00199DA0 /* PBXContainerItemProxy */;
		};
		D6122D0D1F9062EC00199DA0 /* PBXTargetDependency */ = {
			isa = PBXTargetDependency;
			target = D6122CEB1F9062EB00199DA0 /* QuizTempatRestoran */;
			targetProxy = D6122D0C1F9062EC00199DA0 /* PBXContainerItemProxy */;
		};
/* End PBXTargetDependency section */

/* Begin PBXVariantGroup section */
		D6122CF31F9062EB00199DA0 /* Main.storyboard */ = {
			isa = PBXVariantGroup;
			children = (
				D6122CF41F9062EB00199DA0 /* Base */,
			);
			name = Main.storyboard;
			sourceTree = "<group>";
		};
		D6122CF81F9062EB00199DA0 /* LaunchScreen.storyboard */ = {
			isa = PBXVariantGroup;
			children = (
				D6122CF91F9062EB00199DA0 /* Base */,
			);
			name = LaunchScreen.storyboard;
			sourceTree = "<group>";
		};
/* End PBXVariantGroup section */

/* Begin XCBuildConfiguration section */
		D6122D121F9062EC00199DA0 /* Debug */ = {
			isa = XCBuildConfiguration;
			buildSettings = {
				ALWAYS_SEARCH_USER_PATHS = NO;
				CLANG_ANALYZER_NONNULL = YES;
				CLANG_ANALYZER_NUMBER_OBJECT_CONVERSION = YES_AGGRESSIVE;
				CLANG_CXX_LANGUAGE_STANDARD = "gnu++0x";
				CLANG_CXX_LIBRARY = "libc++";
				CLANG_ENABLE_MODULES = YES;
				CLANG_ENABLE_OBJC_ARC = YES;
				CLANG_WARN_BOOL_CONVERSION = YES;
				CLANG_WARN_CONSTANT_CONVERSION = YES;
				CLANG_WARN_DIRECT_OBJC_ISA_USAGE = YES_ERROR;
				CLANG_WARN_DOCUMENTATION_COMMENTS = YES;
				CLANG_WARN_EMPTY_BODY = YES;
				CLANG_WARN_ENUM_CONVERSION = YES;
				CLANG_WARN_INFINITE_RECURSION = YES;
				CLANG_WARN_INT_CONVERSION = YES;
				CLANG_WARN_OBJC_ROOT_CLASS = YES_ERROR;
				CLANG_WARN_SUSPICIOUS_MOVE = YES;
				CLANG_WARN_UNREACHABLE_CODE = YES;
				CLANG_WARN__DUPLICATE_METHOD_MATCH = YES;
				"CODE_SIGN_IDENTITY[sdk=iphoneos*]" = "iPhone Developer";
				COPY_PHASE_STRIP = NO;
				DEBUG_INFORMATION_FORMAT = dwarf;
				ENABLE_STRICT_OBJC_MSGSEND = YES;
				ENABLE_TESTABILITY = YES;
				GCC_C_LANGUAGE_STANDARD = gnu99;
				GCC_DYNAMIC_NO_PIC = NO;
				GCC_NO_COMMON_BLOCKS = YES;
				GCC_OPTIMIZATION_LEVEL = 0;
				GCC_PREPROCESSOR_DEFINITIONS = (
					"DEBUG=1",
					"$(inherited)",
				);
				GCC_WARN_64_TO_32_BIT_CONVERSION = YES;
				GCC_WARN_ABOUT_RETURN_TYPE = YES_ERROR;
				GCC_WARN_UNDECLARED_SELECTOR = YES;
				GCC_WARN_UNINITIALIZED_AUTOS = YES_AGGRESSIVE;
				GCC_WARN_UNUSED_FUNCTION = YES;
				GCC_WARN_UNUSED_VARIABLE = YES;
				IPHONEOS_DEPLOYMENT_TARGET = 10.3;
				MTL_ENABLE_DEBUG_INFO = YES;
				ONLY_ACTIVE_ARCH = YES;
				SDKROOT = iphoneos;
				SWIFT_ACTIVE_COMPILATION_CONDITIONS = DEBUG;
				SWIFT_OPTIMIZATION_LEVEL = "-Onone";
				TARGETED_DEVICE_FAMILY = "1,2";
			};
			name = Debug;
		};
		D6122D131F9062EC00199DA0 /* Release */ = {
			isa = XCBuildConfiguration;
			buildSettings = {
				ALWAYS_SEARCH_USER_PATHS = NO;
				CLANG_ANALYZER_NONNULL = YES;
				CLANG_ANALYZER_NUMBER_OBJECT_CONVERSION = YES_AGGRESSIVE;
				CLANG_CXX_LANGUAGE_STANDARD = "gnu++0x";
				CLANG_CXX_LIBRARY = "libc++";
				CLANG_ENABLE_MODULES = YES;
				CLANG_ENABLE_OBJC_ARC = YES;
				CLANG_WARN_BOOL_CONVERSION = YES;
				CLANG_WARN_CONSTANT_CONVERSION = YES;
				CLANG_WARN_DIRECT_OBJC_ISA_USAGE = YES_ERROR;
				CLANG_WARN_DOCUMENTATION_COMMENTS = YES;
				CLANG_WARN_EMPTY_BODY = YES;
				CLANG_WARN_ENUM_CONVERSION = YES;
				CLANG_WARN_INFINITE_RECURSION = YES;
				CLANG_WARN_INT_CONVERSION = YES;
				CLANG_WARN_OBJC_ROOT_CLASS = YES_ERROR;
				CLANG_WARN_SUSPICIOUS_MOVE = YES;
				CLANG_WARN_UNREACHABLE_CODE = YES;
				CLANG_WARN__DUPLICATE_METHOD_MATCH = YES;
				"CODE_SIGN_IDENTITY[sdk=iphoneos*]" = "iPhone Developer";
				COPY_PHASE_STRIP = NO;
				DEBUG_INFORMATION_FORMAT = "dwarf-with-dsym";
				ENABLE_NS_ASSERTIONS = NO;
				ENABLE_STRICT_OBJC_MSGSEND = YES;
				GCC_C_LANGUAGE_STANDARD = gnu99;
				GCC_NO_COMMON_BLOCKS = YES;
				GCC_WARN_64_TO_32_BIT_CONVERSION = YES;
				GCC_WARN_ABOUT_RETURN_TYPE = YES_ERROR;
				GCC_WARN_UNDECLARED_SELECTOR = YES;
				GCC_WARN_UNINITIALIZED_AUTOS = YES_AGGRESSIVE;
				GCC_WARN_UNUSED_FUNCTION = YES;
				GCC_WARN_UNUSED_VARIABLE = YES;
				IPHONEOS_DEPLOYMENT_TARGET = 10.3;
				MTL_ENABLE_DEBUG_INFO = NO;
				SDKROOT = iphoneos;
				SWIFT_OPTIMIZATION_LEVEL = "-Owholemodule";
				TARGETED_DEVICE_FAMILY = "1,2";
				VALIDATE_PRODUCT = YES;
			};
			name = Release;
		};
		D6122D151F9062EC00199DA0 /* Debug */ = {
			isa = XCBuildConfiguration;
			buildSettings = {
				ASSETCATALOG_COMPILER_APPICON_NAME = AppIcon;
				INFOPLIST_FILE = QuizTempatRestoran/Info.plist;
				LD_RUNPATH_SEARCH_PATHS = "$(inherited) @executable_path/Frameworks";
				PRODUCT_BUNDLE_IDENTIFIER = "Unique-Developers.QuizTempatRestoran";
				PRODUCT_NAME = "$(TARGET_NAME)";
				SWIFT_VERSION = 3.0;
			};
			name = Debug;
		};
		D6122D161F9062EC00199DA0 /* Release */ = {
			isa = XCBuildConfiguration;
			buildSettings = {
				ASSETCATALOG_COMPILER_APPICON_NAME = AppIcon;
				INFOPLIST_FILE = QuizTempatRestoran/Info.plist;
				LD_RUNPATH_SEARCH_PATHS = "$(inherited) @executable_path/Frameworks";
				PRODUCT_BUNDLE_IDENTIFIER = "Unique-Developers.QuizTempatRestoran";
				PRODUCT_NAME = "$(TARGET_NAME)";
				SWIFT_VERSION = 3.0;
			};
			name = Release;
		};
		D6122D181F9062EC00199DA0 /* Debug */ = {
			isa = XCBuildConfiguration;
			buildSettings = {
				ALWAYS_EMBED_SWIFT_STANDARD_LIBRARIES = YES;
				BUNDLE_LOADER = "$(TEST_HOST)";
				INFOPLIST_FILE = QuizTempatRestoranTests/Info.plist;
				LD_RUNPATH_SEARCH_PATHS = "$(inherited) @executable_path/Frameworks @loader_path/Frameworks";
				PRODUCT_BUNDLE_IDENTIFIER = "Unique-Developers.QuizTempatRestoranTests";
				PRODUCT_NAME = "$(TARGET_NAME)";
				SWIFT_VERSION = 3.0;
				TEST_HOST = "$(BUILT_PRODUCTS_DIR)/QuizTempatRestoran.app/QuizTempatRestoran";
			};
			name = Debug;
		};
		D6122D191F9062EC00199DA0 /* Release */ = {
			isa = XCBuildConfiguration;
			buildSettings = {
				ALWAYS_EMBED_SWIFT_STANDARD_LIBRARIES = YES;
				BUNDLE_LOADER = "$(TEST_HOST)";
				INFOPLIST_FILE = QuizTempatRestoranTests/Info.plist;
				LD_RUNPATH_SEARCH_PATHS = "$(inherited) @executable_path/Frameworks @loader_path/Frameworks";
				PRODUCT_BUNDLE_IDENTIFIER = "Unique-Developers.QuizTempatRestoranTests";
				PRODUCT_NAME = "$(TARGET_NAME)";
				SWIFT_VERSION = 3.0;
				TEST_HOST = "$(BUILT_PRODUCTS_DIR)/QuizTempatRestoran.app/QuizTempatRestoran";
			};
			name = Release;
		};
		D6122D1B1F9062EC00199DA0 /* Debug */ = {
			isa = XCBuildConfiguration;
			buildSettings = {
				ALWAYS_EMBED_SWIFT_STANDARD_LIBRARIES = YES;
				INFOPLIST_FILE = QuizTempatRestoranUITests/Info.plist;
				LD_RUNPATH_SEARCH_PATHS = "$(inherited) @executable_path/Frameworks @loader_path/Frameworks";
				PRODUCT_BUNDLE_IDENTIFIER = "Unique-Developers.QuizTempatRestoranUITests";
				PRODUCT_NAME = "$(TARGET_NAME)";
				SWIFT_VERSION = 3.0;
				TEST_TARGET_NAME = QuizTempatRestoran;
			};
			name = Debug;
		};
		D6122D1C1F9062EC00199DA0 /* Release */ = {
			isa = XCBuildConfiguration;
			buildSettings = {
				ALWAYS_EMBED_SWIFT_STANDARD_LIBRARIES = YES;
				INFOPLIST_FILE = QuizTempatRestoranUITests/Info.plist;
				LD_RUNPATH_SEARCH_PATHS = "$(inherited) @executable_path/Frameworks @loader_path/Frameworks";
				PRODUCT_BUNDLE_IDENTIFIER = "Unique-Developers.QuizTempatRestoranUITests";
				PRODUCT_NAME = "$(TARGET_NAME)";
				SWIFT_VERSION = 3.0;
				TEST_TARGET_NAME = QuizTempatRestoran;
			};
			name = Release;
		};
/* End XCBuildConfiguration section */

/* Begin XCConfigurationList section */
		D6122CE71F9062EB00199DA0 /* Build configuration list for PBXProject "QuizTempatRestoran" */ = {
			isa = XCConfigurationList;
			buildConfigurations = (
				D6122D121F9062EC00199DA0 /* Debug */,
				D6122D131F9062EC00199DA0 /* Release */,
			);
			defaultConfigurationIsVisible = 0;
			defaultConfigurationName = Release;
		};
		D6122D141F9062EC00199DA0 /* Build configuration list for PBXNativeTarget "QuizTempatRestoran" */ = {
			isa = XCConfigurationList;
			buildConfigurations = (
				D6122D151F9062EC00199DA0 /* Debug */,
				D6122D161F9062EC00199DA0 /* Release */,
			);
			defaultConfigurationIsVisible = 0;
		};
		D6122D171F9062EC00199DA0 /* Build configuration list for PBXNativeTarget "QuizTempatRestoranTests" */ = {
			isa = XCConfigurationList;
			buildConfigurations = (
				D6122D181F9062EC00199DA0 /* Debug */,
				D6122D191F9062EC00199DA0 /* Release */,
			);
			defaultConfigurationIsVisible = 0;
		};
		D6122D1A1F9062EC00199DA0 /* Build configuration list for PBXNativeTarget "QuizTempatRestoranUITests" */ = {
			isa = XCConfigurationList;
			buildConfigurations = (
				D6122D1B1F9062EC00199DA0 /* Debug */,
				D6122D1C1F9062EC00199DA0 /* Release */,
			);
			defaultConfigurationIsVisible = 0;
		};
/* End XCConfigurationList section */
	};
	rootObject = D6122CE41F9062EB00199DA0 /* Project object */;
}
